
Microsoft Visual Studio Solution File, Format Version 12.00
# Visual Studio Version 16
VisualStudioVersion = 16.0.30128.74
MinimumVisualStudioVersion = 10.0.40219.1
Project("{FAE04EC0-301F-11D3-BF4B-00C04F79EFBC}") = "Proyecto_Final", "Proyecto_Final\Proyecto_Final.csproj", "{DBD0BAE3-17BD-4CDE-A876-D5C843F111DB}"
EndProject
Global
	GlobalSection(SolutionConfigurationPlatforms) = preSolution
		Debug|Any CPU = Debug|Any CPU
		Release|Any CPU = Release|Any CPU
	EndGlobalSection
	GlobalSection(ProjectConfigurationPlatforms) = postSolution
		{DBD0BAE3-17BD-4CDE-A876-D5C843F111DB}.Debug|Any CPU.ActiveCfg = Debug|Any CPU
		{DBD0BAE3-17BD-4CDE-A876-D5C843F111DB}.Debug|Any CPU.Build.0 = Debug|Any CPU
		{DBD0BAE3-17BD-4CDE-A876-D5C843F111DB}.Release|Any CPU.ActiveCfg = Release|Any CPU
		{DBD0BAE3-17BD-4CDE-A876-D5C843F111DB}.Release|Any CPU.Build.0 = Release|Any CPU
	EndGlobalSection
	GlobalSection(SolutionProperties) = preSolution
		HideSolutionNode = FALSE
	EndGlobalSection
	GlobalSection(ExtensibilityGlobals) = postSolution
		SolutionGuid = {9FAF6A87-D82A-4A7E-AEF2-567BAC45F1EF}
	EndGlobalSection
EndGlobal
